// !$*UTF8*$!
{
	archiveVersion = 1;
	classes = {
	};
	objectVersion = 50;
	objects = {

/* Begin PBXBuildFile section */
		370CEA6626029F6E003578D3 /* LoadingTVC.swift in Sources */ = {isa = PBXBuildFile; fileRef = 370CEA6426029F6E003578D3 /* LoadingTVC.swift */; };
		370CEA6726029F6E003578D3 /* LoadingTVC.xib in Resources */ = {isa = PBXBuildFile; fileRef = 370CEA6526029F6E003578D3 /* LoadingTVC.xib */; };
		371E476625FE6E1B00817039 /* TvShowVM.swift in Sources */ = {isa = PBXBuildFile; fileRef = 371E476525FE6E1B00817039 /* TvShowVM.swift */; };
		3721BB6325F6A33000DE969F /* DBtvshow.swift in Sources */ = {isa = PBXBuildFile; fileRef = 3721BB6225F6A33000DE969F /* DBtvshow.swift */; };
		3721BB7225F6C63200DE969F /* ListTVC.xib in Resources */ = {isa = PBXBuildFile; fileRef = 3721BB7125F6C63200DE969F /* ListTVC.xib */; };
		3721BB8225F6C87B00DE969F /* DetailVC.swift in Sources */ = {isa = PBXBuildFile; fileRef = 3721BB8125F6C87B00DE969F /* DetailVC.swift */; };
		3721BB8C25F6C90200DE969F /* ListTableViewCell.swift in Sources */ = {isa = PBXBuildFile; fileRef = 3721BB8B25F6C90200DE969F /* ListTableViewCell.swift */; };
		37597E7F25FEABE4002A226F /* Service.swift in Sources */ = {isa = PBXBuildFile; fileRef = 37597E7E25FEABE4002A226F /* Service.swift */; };
		37597E9025FEC039002A226F /* Extensions.swift in Sources */ = {isa = PBXBuildFile; fileRef = 37597E8F25FEC039002A226F /* Extensions.swift */; };
		376189E425F5203800546C08 /* AppDelegate.swift in Sources */ = {isa = PBXBuildFile; fileRef = 376189E325F5203800546C08 /* AppDelegate.swift */; };
		376189E625F5203800546C08 /* SceneDelegate.swift in Sources */ = {isa = PBXBuildFile; fileRef = 376189E525F5203800546C08 /* SceneDelegate.swift */; };
		376189E825F5203800546C08 /* ListVC.swift in Sources */ = {isa = PBXBuildFile; fileRef = 376189E725F5203800546C08 /* ListVC.swift */; };
		376189EB25F5203800546C08 /* Main.storyboard in Resources */ = {isa = PBXBuildFile; fileRef = 376189E925F5203800546C08 /* Main.storyboard */; };
		376189EE25F5203800546C08 /* tvmaze.xcdatamodeld in Sources */ = {isa = PBXBuildFile; fileRef = 376189EC25F5203800546C08 /* tvmaze.xcdatamodeld */; };
		376189F025F5203900546C08 /* Assets.xcassets in Resources */ = {isa = PBXBuildFile; fileRef = 376189EF25F5203900546C08 /* Assets.xcassets */; };
		376189F325F5203900546C08 /* LaunchScreen.storyboard in Resources */ = {isa = PBXBuildFile; fileRef = 376189F125F5203900546C08 /* LaunchScreen.storyboard */; };
		376189FE25F5203A00546C08 /* tvmazeTests.swift in Sources */ = {isa = PBXBuildFile; fileRef = 376189FD25F5203A00546C08 /* tvmazeTests.swift */; };
		37618A0925F5203A00546C08 /* tvmazeUITests.swift in Sources */ = {isa = PBXBuildFile; fileRef = 37618A0825F5203A00546C08 /* tvmazeUITests.swift */; };
/* End PBXBuildFile section */

/* Begin PBXContainerItemProxy section */
		376189FA25F5203A00546C08 /* PBXContainerItemProxy */ = {
			isa = PBXContainerItemProxy;
			containerPortal = 376189D825F5203800546C08 /* Project object */;
			proxyType = 1;
			remoteGlobalIDString = 376189DF25F5203800546C08;
			remoteInfo = tvmaze;
		};
		37618A0525F5203A00546C08 /* PBXContainerItemProxy */ = {
			isa = PBXContainerItemProxy;
			containerPortal = 376189D825F5203800546C08 /* Project object */;
			proxyType = 1;
			remoteGlobalIDString = 376189DF25F5203800546C08;
			remoteInfo = tvmaze;
		};
/* End PBXContainerItemProxy section */

/* Begin PBXFileReference section */
		370CEA6426029F6E003578D3 /* LoadingTVC.swift */ = {isa = PBXFileReference; lastKnownFileType = sourcecode.swift; path = LoadingTVC.swift; sourceTree = "<group>"; };
		370CEA6526029F6E003578D3 /* LoadingTVC.xib */ = {isa = PBXFileReference; lastKnownFileType = file.xib; path = LoadingTVC.xib; sourceTree = "<group>"; };
		371E476525FE6E1B00817039 /* TvShowVM.swift */ = {isa = PBXFileReference; lastKnownFileType = sourcecode.swift; path = TvShowVM.swift; sourceTree = "<group>"; };
		3721BB6225F6A33000DE969F /* DBtvshow.swift */ = {isa = PBXFileReference; lastKnownFileType = sourcecode.swift; path = DBtvshow.swift; sourceTree = "<group>"; };
		3721BB7125F6C63200DE969F /* ListTVC.xib */ = {isa = PBXFileReference; lastKnownFileType = file.xib; path = ListTVC.xib; sourceTree = "<group>"; };
		3721BB8125F6C87B00DE969F /* DetailVC.swift */ = {isa = PBXFileReference; lastKnownFileType = sourcecode.swift; path = DetailVC.swift; sourceTree = "<group>"; };
		3721BB8B25F6C90200DE969F /* ListTableViewCell.swift */ = {isa = PBXFileReference; lastKnownFileType = sourcecode.swift; path = ListTableViewCell.swift; sourceTree = "<group>"; };
		37597E7E25FEABE4002A226F /* Service.swift */ = {isa = PBXFileReference; fileEncoding = 4; lastKnownFileType = sourcecode.swift; path = Service.swift; sourceTree = "<group>"; };
		37597E8F25FEC039002A226F /* Extensions.swift */ = {isa = PBXFileReference; lastKnownFileType = sourcecode.swift; path = Extensions.swift; sourceTree = "<group>"; };
		376189E025F5203800546C08 /* tvmaze.app */ = {isa = PBXFileReference; explicitFileType = wrapper.application; includeInIndex = 0; path = tvmaze.app; sourceTree = BUILT_PRODUCTS_DIR; };
		376189E325F5203800546C08 /* AppDelegate.swift */ = {isa = PBXFileReference; lastKnownFileType = sourcecode.swift; path = AppDelegate.swift; sourceTree = "<group>"; };
		376189E525F5203800546C08 /* SceneDelegate.swift */ = {isa = PBXFileReference; lastKnownFileType = sourcecode.swift; path = SceneDelegate.swift; sourceTree = "<group>"; };
		376189E725F5203800546C08 /* ListVC.swift */ = {isa = PBXFileReference; lastKnownFileType = sourcecode.swift; path = ListVC.swift; sourceTree = "<group>"; };
		376189EA25F5203800546C08 /* Base */ = {isa = PBXFileReference; lastKnownFileType = file.storyboard; name = Base; path = Base.lproj/Main.storyboard; sourceTree = "<group>"; };
		376189ED25F5203800546C08 /* tvmaze.xcdatamodel */ = {isa = PBXFileReference; lastKnownFileType = wrapper.xcdatamodel; path = tvmaze.xcdatamodel; sourceTree = "<group>"; };
		376189EF25F5203900546C08 /* Assets.xcassets */ = {isa = PBXFileReference; lastKnownFileType = folder.assetcatalog; path = Assets.xcassets; sourceTree = "<group>"; };
		376189F225F5203900546C08 /* Base */ = {isa = PBXFileReference; lastKnownFileType = file.storyboard; name = Base; path = Base.lproj/LaunchScreen.storyboard; sourceTree = "<group>"; };
		376189F425F5203900546C08 /* Info.plist */ = {isa = PBXFileReference; lastKnownFileType = text.plist.xml; path = Info.plist; sourceTree = "<group>"; };
		376189F925F5203A00546C08 /* tvmazeTests.xctest */ = {isa = PBXFileReference; explicitFileType = wrapper.cfbundle; includeInIndex = 0; path = tvmazeTests.xctest; sourceTree = BUILT_PRODUCTS_DIR; };
		376189FD25F5203A00546C08 /* tvmazeTests.swift */ = {isa = PBXFileReference; lastKnownFileType = sourcecode.swift; path = tvmazeTests.swift; sourceTree = "<group>"; };
		376189FF25F5203A00546C08 /* Info.plist */ = {isa = PBXFileReference; lastKnownFileType = text.plist.xml; path = Info.plist; sourceTree = "<group>"; };
		37618A0425F5203A00546C08 /* tvmazeUITests.xctest */ = {isa = PBXFileReference; explicitFileType = wrapper.cfbundle; includeInIndex = 0; path = tvmazeUITests.xctest; sourceTree = BUILT_PRODUCTS_DIR; };
		37618A0825F5203A00546C08 /* tvmazeUITests.swift */ = {isa = PBXFileReference; lastKnownFileType = sourcecode.swift; path = tvmazeUITests.swift; sourceTree = "<group>"; };
		37618A0A25F5203A00546C08 /* Info.plist */ = {isa = PBXFileReference; lastKnownFileType = text.plist.xml; path = Info.plist; sourceTree = "<group>"; };
/* End PBXFileReference section */

/* Begin PBXFrameworksBuildPhase section */
		376189DD25F5203800546C08 /* Frameworks */ = {
			isa = PBXFrameworksBuildPhase;
			buildActionMask = 2147483647;
			files = (
			);
			runOnlyForDeploymentPostprocessing = 0;
		};
		376189F625F5203A00546C08 /* Frameworks */ = {
			isa = PBXFrameworksBuildPhase;
			buildActionMask = 2147483647;
			files = (
			);
			runOnlyForDeploymentPostprocessing = 0;
		};
		37618A0125F5203A00546C08 /* Frameworks */ = {
			isa = PBXFrameworksBuildPhase;
			buildActionMask = 2147483647;
			files = (
			);
			runOnlyForDeploymentPostprocessing = 0;
		};
/* End PBXFrameworksBuildPhase section */

/* Begin PBXGroup section */
		370CEA6E26029F87003578D3 /* ListViews */ = {
			isa = PBXGroup;
			children = (
				3721BB7125F6C63200DE969F /* ListTVC.xib */,
				370CEA6526029F6E003578D3 /* LoadingTVC.xib */,
			);
			name = ListViews;
			sourceTree = "<group>";
		};
		370CEA7026029FF8003578D3 /* Features */ = {
			isa = PBXGroup;
			children = (
				370CEA7126029FFF003578D3 /* TvShows */,
			);
			path = Features;
			sourceTree = "<group>";
		};
		370CEA7126029FFF003578D3 /* TvShows */ = {
			isa = PBXGroup;
			children = (
				37618A1C25F5258D00546C08 /* Model */,
				37618A1D25F5259400546C08 /* ViewModel */,
				37618A1E25F5259D00546C08 /* ViewControllers */,
				3721BB6D25F6C1AB00DE969F /* Views */,
			);
			path = TvShows;
			sourceTree = "<group>";
		};
		370CEA722602A04C003578D3 /* Base */ = {
			isa = PBXGroup;
			children = (
				376189F125F5203900546C08 /* LaunchScreen.storyboard */,
			);
			path = Base;
			sourceTree = "<group>";
		};
		3721BB6D25F6C1AB00DE969F /* Views */ = {
			isa = PBXGroup;
			children = (
				370CEA6E26029F87003578D3 /* ListViews */,
				376189E925F5203800546C08 /* Main.storyboard */,
			);
			path = Views;
			sourceTree = "<group>";
		};
		3721BB8925F6C8BA00DE969F /* ListVC */ = {
			isa = PBXGroup;
			children = (
				376189E725F5203800546C08 /* ListVC.swift */,
				3721BB8B25F6C90200DE969F /* ListTableViewCell.swift */,
				370CEA6426029F6E003578D3 /* LoadingTVC.swift */,
			);
			name = ListVC;
			sourceTree = "<group>";
		};
		3721BB8A25F6C8CF00DE969F /* DetailVC */ = {
			isa = PBXGroup;
			children = (
				3721BB8125F6C87B00DE969F /* DetailVC.swift */,
			);
			path = DetailVC;
			sourceTree = "<group>";
		};
		37597E7D25FEABE4002A226F /* Services */ = {
			isa = PBXGroup;
			children = (
				37597E7E25FEABE4002A226F /* Service.swift */,
			);
			path = Services;
			sourceTree = "<group>";
		};
		37597E8E25FEC006002A226F /* Helpers */ = {
			isa = PBXGroup;
			children = (
				37597E8F25FEC039002A226F /* Extensions.swift */,
			);
			path = Helpers;
			sourceTree = "<group>";
		};
		376189D725F5203800546C08 = {
			isa = PBXGroup;
			children = (
				376189E225F5203800546C08 /* tvmaze */,
				376189FC25F5203A00546C08 /* tvmazeTests */,
				37618A0725F5203A00546C08 /* tvmazeUITests */,
				376189E125F5203800546C08 /* Products */,
			);
			sourceTree = "<group>";
		};
		376189E125F5203800546C08 /* Products */ = {
			isa = PBXGroup;
			children = (
				376189E025F5203800546C08 /* tvmaze.app */,
				376189F925F5203A00546C08 /* tvmazeTests.xctest */,
				37618A0425F5203A00546C08 /* tvmazeUITests.xctest */,
			);
			name = Products;
			sourceTree = "<group>";
		};
		376189E225F5203800546C08 /* tvmaze */ = {
			isa = PBXGroup;
			children = (
				370CEA722602A04C003578D3 /* Base */,
				370CEA7026029FF8003578D3 /* Features */,
				37597E7D25FEABE4002A226F /* Services */,
				37597E8E25FEC006002A226F /* Helpers */,
				376189E325F5203800546C08 /* AppDelegate.swift */,
				376189EF25F5203900546C08 /* Assets.xcassets */,
				376189E525F5203800546C08 /* SceneDelegate.swift */,
				376189F425F5203900546C08 /* Info.plist */,
				376189EC25F5203800546C08 /* tvmaze.xcdatamodeld */,
			);
			path = tvmaze;
			sourceTree = "<group>";
		};
		376189FC25F5203A00546C08 /* tvmazeTests */ = {
			isa = PBXGroup;
			children = (
				376189FD25F5203A00546C08 /* tvmazeTests.swift */,
				376189FF25F5203A00546C08 /* Info.plist */,
			);
			path = tvmazeTests;
			sourceTree = "<group>";
		};
		37618A0725F5203A00546C08 /* tvmazeUITests */ = {
			isa = PBXGroup;
			children = (
				37618A0825F5203A00546C08 /* tvmazeUITests.swift */,
				37618A0A25F5203A00546C08 /* Info.plist */,
			);
			path = tvmazeUITests;
			sourceTree = "<group>";
		};
		37618A1C25F5258D00546C08 /* Model */ = {
			isa = PBXGroup;
			children = (
				3721BB6225F6A33000DE969F /* DBtvshow.swift */,
			);
			path = Model;
			sourceTree = "<group>";
		};
		37618A1D25F5259400546C08 /* ViewModel */ = {
			isa = PBXGroup;
			children = (
				371E476525FE6E1B00817039 /* TvShowVM.swift */,
			);
			path = ViewModel;
			sourceTree = "<group>";
		};
		37618A1E25F5259D00546C08 /* ViewControllers */ = {
			isa = PBXGroup;
			children = (
				3721BB8A25F6C8CF00DE969F /* DetailVC */,
				3721BB8925F6C8BA00DE969F /* ListVC */,
			);
			path = ViewControllers;
			sourceTree = "<group>";
		};
/* End PBXGroup section */

/* Begin PBXNativeTarget section */
		376189DF25F5203800546C08 /* tvmaze */ = {
			isa = PBXNativeTarget;
			buildConfigurationList = 37618A0D25F5203A00546C08 /* Build configuration list for PBXNativeTarget "tvmaze" */;
			buildPhases = (
				376189DC25F5203800546C08 /* Sources */,
				376189DD25F5203800546C08 /* Frameworks */,
				376189DE25F5203800546C08 /* Resources */,
			);
			buildRules = (
			);
			dependencies = (
			);
			name = tvmaze;
			productName = tvmaze;
			productReference = 376189E025F5203800546C08 /* tvmaze.app */;
			productType = "com.apple.product-type.application";
		};
		376189F825F5203A00546C08 /* tvmazeTests */ = {
			isa = PBXNativeTarget;
			buildConfigurationList = 37618A1025F5203A00546C08 /* Build configuration list for PBXNativeTarget "tvmazeTests" */;
			buildPhases = (
				376189F525F5203A00546C08 /* Sources */,
				376189F625F5203A00546C08 /* Frameworks */,
				376189F725F5203A00546C08 /* Resources */,
			);
			buildRules = (
			);
			dependencies = (
				376189FB25F5203A00546C08 /* PBXTargetDependency */,
			);
			name = tvmazeTests;
			productName = tvmazeTests;
			productReference = 376189F925F5203A00546C08 /* tvmazeTests.xctest */;
			productType = "com.apple.product-type.bundle.unit-test";
		};
		37618A0325F5203A00546C08 /* tvmazeUITests */ = {
			isa = PBXNativeTarget;
			buildConfigurationList = 37618A1325F5203A00546C08 /* Build configuration list for PBXNativeTarget "tvmazeUITests" */;
			buildPhases = (
				37618A0025F5203A00546C08 /* Sources */,
				37618A0125F5203A00546C08 /* Frameworks */,
				37618A0225F5203A00546C08 /* Resources */,
			);
			buildRules = (
			);
			dependencies = (
				37618A0625F5203A00546C08 /* PBXTargetDependency */,
			);
			name = tvmazeUITests;
			productName = tvmazeUITests;
			productReference = 37618A0425F5203A00546C08 /* tvmazeUITests.xctest */;
			productType = "com.apple.product-type.bundle.ui-testing";
		};
/* End PBXNativeTarget section */

/* Begin PBXProject section */
		376189D825F5203800546C08 /* Project object */ = {
			isa = PBXProject;
			attributes = {
				LastSwiftUpdateCheck = 1200;
				LastUpgradeCheck = 1200;
				TargetAttributes = {
					376189DF25F5203800546C08 = {
						CreatedOnToolsVersion = 12.0;
					};
					376189F825F5203A00546C08 = {
						CreatedOnToolsVersion = 12.0;
						TestTargetID = 376189DF25F5203800546C08;
					};
					37618A0325F5203A00546C08 = {
						CreatedOnToolsVersion = 12.0;
						TestTargetID = 376189DF25F5203800546C08;
					};
				};
			};
			buildConfigurationList = 376189DB25F5203800546C08 /* Build configuration list for PBXProject "tvmaze" */;
			compatibilityVersion = "Xcode 9.3";
			developmentRegion = en;
			hasScannedForEncodings = 0;
			knownRegions = (
				en,
				Base,
			);
			mainGroup = 376189D725F5203800546C08;
			productRefGroup = 376189E125F5203800546C08 /* Products */;
			projectDirPath = "";
			projectRoot = "";
			targets = (
				376189DF25F5203800546C08 /* tvmaze */,
				376189F825F5203A00546C08 /* tvmazeTests */,
				37618A0325F5203A00546C08 /* tvmazeUITests */,
			);
		};
/* End PBXProject section */

/* Begin PBXResourcesBuildPhase section */
		376189DE25F5203800546C08 /* Resources */ = {
			isa = PBXResourcesBuildPhase;
			buildActionMask = 2147483647;
			files = (
				376189F325F5203900546C08 /* LaunchScreen.storyboard in Resources */,
				376189F025F5203900546C08 /* Assets.xcassets in Resources */,
				3721BB7225F6C63200DE969F /* ListTVC.xib in Resources */,
				370CEA6726029F6E003578D3 /* LoadingTVC.xib in Resources */,
				376189EB25F5203800546C08 /* Main.storyboard in Resources */,
			);
			runOnlyForDeploymentPostprocessing = 0;
		};
		376189F725F5203A00546C08 /* Resources */ = {
			isa = PBXResourcesBuildPhase;
			buildActionMask = 2147483647;
			files = (
			);
			runOnlyForDeploymentPostprocessing = 0;
		};
		37618A0225F5203A00546C08 /* Resources */ = {
			isa = PBXResourcesBuildPhase;
			buildActionMask = 2147483647;
			files = (
			);
			runOnlyForDeploymentPostprocessing = 0;
		};
/* End PBXResourcesBuildPhase section */

/* Begin PBXSourcesBuildPhase section */
		376189DC25F5203800546C08 /* Sources */ = {
			isa = PBXSourcesBuildPhase;
			buildActionMask = 2147483647;
			files = (
				376189E825F5203800546C08 /* ListVC.swift in Sources */,
				3721BB6325F6A33000DE969F /* DBtvshow.swift in Sources */,
				376189E425F5203800546C08 /* AppDelegate.swift in Sources */,
				3721BB8C25F6C90200DE969F /* ListTableViewCell.swift in Sources */,
				376189EE25F5203800546C08 /* tvmaze.xcdatamodeld in Sources */,
				370CEA6626029F6E003578D3 /* LoadingTVC.swift in Sources */,
				37597E9025FEC039002A226F /* Extensions.swift in Sources */,
				37597E7F25FEABE4002A226F /* Service.swift in Sources */,
				376189E625F5203800546C08 /* SceneDelegate.swift in Sources */,
				3721BB8225F6C87B00DE969F /* DetailVC.swift in Sources */,
				371E476625FE6E1B00817039 /* TvShowVM.swift in Sources */,
			);
			runOnlyForDeploymentPostprocessing = 0;
		};
		376189F525F5203A00546C08 /* Sources */ = {
			isa = PBXSourcesBuildPhase;
			buildActionMask = 2147483647;
			files = (
				376189FE25F5203A00546C08 /* tvmazeTests.swift in Sources */,
			);
			runOnlyForDeploymentPostprocessing = 0;
		};
		37618A0025F5203A00546C08 /* Sources */ = {
			isa = PBXSourcesBuildPhase;
			buildActionMask = 2147483647;
			files = (
				37618A0925F5203A00546C08 /* tvmazeUITests.swift in Sources */,
			);
			runOnlyForDeploymentPostprocessing = 0;
		};
/* End PBXSourcesBuildPhase section */

/* Begin PBXTargetDependency section */
		376189FB25F5203A00546C08 /* PBXTargetDependency */ = {
			isa = PBXTargetDependency;
			target = 376189DF25F5203800546C08 /* tvmaze */;
			targetProxy = 376189FA25F5203A00546C08 /* PBXContainerItemProxy */;
		};
		37618A0625F5203A00546C08 /* PBXTargetDependency */ = {
			isa = PBXTargetDependency;
			target = 376189DF25F5203800546C08 /* tvmaze */;
			targetProxy = 37618A0525F5203A00546C08 /* PBXContainerItemProxy */;
		};
/* End PBXTargetDependency section */

/* Begin PBXVariantGroup section */
		376189E925F5203800546C08 /* Main.storyboard */ = {
			isa = PBXVariantGroup;
			children = (
				376189EA25F5203800546C08 /* Base */,
			);
			name = Main.storyboard;
			sourceTree = "<group>";
		};
		376189F125F5203900546C08 /* LaunchScreen.storyboard */ = {
			isa = PBXVariantGroup;
			children = (
				376189F225F5203900546C08 /* Base */,
			);
			name = LaunchScreen.storyboard;
			sourceTree = "<group>";
		};
/* End PBXVariantGroup section */

/* Begin XCBuildConfiguration section */
		37618A0B25F5203A00546C08 /* Debug */ = {
			isa = XCBuildConfiguration;
			buildSettings = {
				ALWAYS_SEARCH_USER_PATHS = NO;
				CLANG_ANALYZER_NONNULL = YES;
				CLANG_ANALYZER_NUMBER_OBJECT_CONVERSION = YES_AGGRESSIVE;
				CLANG_CXX_LANGUAGE_STANDARD = "gnu++14";
				CLANG_CXX_LIBRARY = "libc++";
				CLANG_ENABLE_MODULES = YES;
				CLANG_ENABLE_OBJC_ARC = YES;
				CLANG_ENABLE_OBJC_WEAK = YES;
				CLANG_WARN_BLOCK_CAPTURE_AUTORELEASING = YES;
				CLANG_WARN_BOOL_CONVERSION = YES;
				CLANG_WARN_COMMA = YES;
				CLANG_WARN_CONSTANT_CONVERSION = YES;
				CLANG_WARN_DEPRECATED_OBJC_IMPLEMENTATIONS = YES;
				CLANG_WARN_DIRECT_OBJC_ISA_USAGE = YES_ERROR;
				CLANG_WARN_DOCUMENTATION_COMMENTS = YES;
				CLANG_WARN_EMPTY_BODY = YES;
				CLANG_WARN_ENUM_CONVERSION = YES;
				CLANG_WARN_INFINITE_RECURSION = YES;
				CLANG_WARN_INT_CONVERSION = YES;
				CLANG_WARN_NON_LITERAL_NULL_CONVERSION = YES;
				CLANG_WARN_OBJC_IMPLICIT_RETAIN_SELF = YES;
				CLANG_WARN_OBJC_LITERAL_CONVERSION = YES;
				CLANG_WARN_OBJC_ROOT_CLASS = YES_ERROR;
				CLANG_WARN_QUOTED_INCLUDE_IN_FRAMEWORK_HEADER = YES;
				CLANG_WARN_RANGE_LOOP_ANALYSIS = YES;
				CLANG_WARN_STRICT_PROTOTYPES = YES;
				CLANG_WARN_SUSPICIOUS_MOVE = YES;
				CLANG_WARN_UNGUARDED_AVAILABILITY = YES_AGGRESSIVE;
				CLANG_WARN_UNREACHABLE_CODE = YES;
				CLANG_WARN__DUPLICATE_METHOD_MATCH = YES;
				COPY_PHASE_STRIP = NO;
				DEBUG_INFORMATION_FORMAT = dwarf;
				ENABLE_STRICT_OBJC_MSGSEND = YES;
				ENABLE_TESTABILITY = YES;
				GCC_C_LANGUAGE_STANDARD = gnu11;
				GCC_DYNAMIC_NO_PIC = NO;
				GCC_NO_COMMON_BLOCKS = YES;
				GCC_OPTIMIZATION_LEVEL = 0;
				GCC_PREPROCESSOR_DEFINITIONS = (
					"DEBUG=1",
					"$(inherited)",
				);
				GCC_WARN_64_TO_32_BIT_CONVERSION = YES;
				GCC_WARN_ABOUT_RETURN_TYPE = YES_ERROR;
				GCC_WARN_UNDECLARED_SELECTOR = YES;
				GCC_WARN_UNINITIALIZED_AUTOS = YES_AGGRESSIVE;
				GCC_WARN_UNUSED_FUNCTION = YES;
				GCC_WARN_UNUSED_VARIABLE = YES;
				IPHONEOS_DEPLOYMENT_TARGET = 14.0;
				MTL_ENABLE_DEBUG_INFO = INCLUDE_SOURCE;
				MTL_FAST_MATH = YES;
				ONLY_ACTIVE_ARCH = YES;
				SDKROOT = iphoneos;
				SWIFT_ACTIVE_COMPILATION_CONDITIONS = DEBUG;
				SWIFT_OPTIMIZATION_LEVEL = "-Onone";
			};
			name = Debug;
		};
		37618A0C25F5203A00546C08 /* Release */ = {
			isa = XCBuildConfiguration;
			buildSettings = {
				ALWAYS_SEARCH_USER_PATHS = NO;
				CLANG_ANALYZER_NONNULL = YES;
				CLANG_ANALYZER_NUMBER_OBJECT_CONVERSION = YES_AGGRESSIVE;
				CLANG_CXX_LANGUAGE_STANDARD = "gnu++14";
				CLANG_CXX_LIBRARY = "libc++";
				CLANG_ENABLE_MODULES = YES;
				CLANG_ENABLE_OBJC_ARC = YES;
				CLANG_ENABLE_OBJC_WEAK = YES;
				CLANG_WARN_BLOCK_CAPTURE_AUTORELEASING = YES;
				CLANG_WARN_BOOL_CONVERSION = YES;
				CLANG_WARN_COMMA = YES;
				CLANG_WARN_CONSTANT_CONVERSION = YES;
				CLANG_WARN_DEPRECATED_OBJC_IMPLEMENTATIONS = YES;
				CLANG_WARN_DIRECT_OBJC_ISA_USAGE = YES_ERROR;
				CLANG_WARN_DOCUMENTATION_COMMENTS = YES;
				CLANG_WARN_EMPTY_BODY = YES;
				CLANG_WARN_ENUM_CONVERSION = YES;
				CLANG_WARN_INFINITE_RECURSION = YES;
				CLANG_WARN_INT_CONVERSION = YES;
				CLANG_WARN_NON_LITERAL_NULL_CONVERSION = YES;
				CLANG_WARN_OBJC_IMPLICIT_RETAIN_SELF = YES;
				CLANG_WARN_OBJC_LITERAL_CONVERSION = YES;
				CLANG_WARN_OBJC_ROOT_CLASS = YES_ERROR;
				CLANG_WARN_QUOTED_INCLUDE_IN_FRAMEWORK_HEADER = YES;
				CLANG_WARN_RANGE_LOOP_ANALYSIS = YES;
				CLANG_WARN_STRICT_PROTOTYPES = YES;
				CLANG_WARN_SUSPICIOUS_MOVE = YES;
				CLANG_WARN_UNGUARDED_AVAILABILITY = YES_AGGRESSIVE;
				CLANG_WARN_UNREACHABLE_CODE = YES;
				CLANG_WARN__DUPLICATE_METHOD_MATCH = YES;
				COPY_PHASE_STRIP = NO;
				DEBUG_INFORMATION_FORMAT = "dwarf-with-dsym";
				ENABLE_NS_ASSERTIONS = NO;
				ENABLE_STRICT_OBJC_MSGSEND = YES;
				GCC_C_LANGUAGE_STANDARD = gnu11;
				GCC_NO_COMMON_BLOCKS = YES;
				GCC_WARN_64_TO_32_BIT_CONVERSION = YES;
				GCC_WARN_ABOUT_RETURN_TYPE = YES_ERROR;
				GCC_WARN_UNDECLARED_SELECTOR = YES;
				GCC_WARN_UNINITIALIZED_AUTOS = YES_AGGRESSIVE;
				GCC_WARN_UNUSED_FUNCTION = YES;
				GCC_WARN_UNUSED_VARIABLE = YES;
				IPHONEOS_DEPLOYMENT_TARGET = 14.0;
				MTL_ENABLE_DEBUG_INFO = NO;
				MTL_FAST_MATH = YES;
				SDKROOT = iphoneos;
				SWIFT_COMPILATION_MODE = wholemodule;
				SWIFT_OPTIMIZATION_LEVEL = "-O";
				VALIDATE_PRODUCT = YES;
			};
			name = Release;
		};
		37618A0E25F5203A00546C08 /* Debug */ = {
			isa = XCBuildConfiguration;
			buildSettings = {
				ASSETCATALOG_COMPILER_APPICON_NAME = AppIcon;
				ASSETCATALOG_COMPILER_GLOBAL_ACCENT_COLOR_NAME = AccentColor;
				CODE_SIGN_STYLE = Automatic;
				INFOPLIST_FILE = tvmaze/Info.plist;
				LD_RUNPATH_SEARCH_PATHS = (
					"$(inherited)",
					"@executable_path/Frameworks",
				);
				PRODUCT_BUNDLE_IDENTIFIER = djadell.tvmaze;
				PRODUCT_NAME = "$(TARGET_NAME)";
				SWIFT_VERSION = 5.0;
				TARGETED_DEVICE_FAMILY = 1;
			};
			name = Debug;
		};
		37618A0F25F5203A00546C08 /* Release */ = {
			isa = XCBuildConfiguration;
			buildSettings = {
				ASSETCATALOG_COMPILER_APPICON_NAME = AppIcon;
				ASSETCATALOG_COMPILER_GLOBAL_ACCENT_COLOR_NAME = AccentColor;
				CODE_SIGN_STYLE = Automatic;
				INFOPLIST_FILE = tvmaze/Info.plist;
				LD_RUNPATH_SEARCH_PATHS = (
					"$(inherited)",
					"@executable_path/Frameworks",
				);
				PRODUCT_BUNDLE_IDENTIFIER = djadell.tvmaze;
				PRODUCT_NAME = "$(TARGET_NAME)";
				SWIFT_VERSION = 5.0;
				TARGETED_DEVICE_FAMILY = 1;
			};
			name = Release;
		};
		37618A1125F5203A00546C08 /* Debug */ = {
			isa = XCBuildConfiguration;
			buildSettings = {
				ALWAYS_EMBED_SWIFT_STANDARD_LIBRARIES = YES;
				BUNDLE_LOADER = "$(TEST_HOST)";
				CODE_SIGN_STYLE = Automatic;
				INFOPLIST_FILE = tvmazeTests/Info.plist;
				IPHONEOS_DEPLOYMENT_TARGET = 14.0;
				LD_RUNPATH_SEARCH_PATHS = (
					"$(inherited)",
					"@executable_path/Frameworks",
					"@loader_path/Frameworks",
				);
				PRODUCT_BUNDLE_IDENTIFIER = djadell.tvmazeTests;
				PRODUCT_NAME = "$(TARGET_NAME)";
				SWIFT_VERSION = 5.0;
				TARGETED_DEVICE_FAMILY = "1,2";
				TEST_HOST = "$(BUILT_PRODUCTS_DIR)/tvmaze.app/tvmaze";
			};
			name = Debug;
		};
		37618A1225F5203A00546C08 /* Release */ = {
			isa = XCBuildConfiguration;
			buildSettings = {
				ALWAYS_EMBED_SWIFT_STANDARD_LIBRARIES = YES;
				BUNDLE_LOADER = "$(TEST_HOST)";
				CODE_SIGN_STYLE = Automatic;
				INFOPLIST_FILE = tvmazeTests/Info.plist;
				IPHONEOS_DEPLOYMENT_TARGET = 14.0;
				LD_RUNPATH_SEARCH_PATHS = (
					"$(inherited)",
					"@executable_path/Frameworks",
					"@loader_path/Frameworks",
				);
				PRODUCT_BUNDLE_IDENTIFIER = djadell.tvmazeTests;
				PRODUCT_NAME = "$(TARGET_NAME)";
				SWIFT_VERSION = 5.0;
				TARGETED_DEVICE_FAMILY = "1,2";
				TEST_HOST = "$(BUILT_PRODUCTS_DIR)/tvmaze.app/tvmaze";
			};
			name = Release;
		};
		37618A1425F5203A00546C08 /* Debug */ = {
			isa = XCBuildConfiguration;
			buildSettings = {
				ALWAYS_EMBED_SWIFT_STANDARD_LIBRARIES = YES;
				CODE_SIGN_STYLE = Automatic;
				INFOPLIST_FILE = tvmazeUITests/Info.plist;
				LD_RUNPATH_SEARCH_PATHS = (
					"$(inherited)",
					"@executable_path/Frameworks",
					"@loader_path/Frameworks",
				);
				PRODUCT_BUNDLE_IDENTIFIER = djadell.tvmazeUITests;
				PRODUCT_NAME = "$(TARGET_NAME)";
				SWIFT_VERSION = 5.0;
				TARGETED_DEVICE_FAMILY = "1,2";
				TEST_TARGET_NAME = tvmaze;
			};
			name = Debug;
		};
		37618A1525F5203A00546C08 /* Release */ = {
			isa = XCBuildConfiguration;
			buildSettings = {
				ALWAYS_EMBED_SWIFT_STANDARD_LIBRARIES = YES;
				CODE_SIGN_STYLE = Automatic;
				INFOPLIST_FILE = tvmazeUITests/Info.plist;
				LD_RUNPATH_SEARCH_PATHS = (
					"$(inherited)",
					"@executable_path/Frameworks",
					"@loader_path/Frameworks",
				);
				PRODUCT_BUNDLE_IDENTIFIER = djadell.tvmazeUITests;
				PRODUCT_NAME = "$(TARGET_NAME)";
				SWIFT_VERSION = 5.0;
				TARGETED_DEVICE_FAMILY = "1,2";
				TEST_TARGET_NAME = tvmaze;
			};
			name = Release;
		};
/* End XCBuildConfiguration section */

/* Begin XCConfigurationList section */
		376189DB25F5203800546C08 /* Build configuration list for PBXProject "tvmaze" */ = {
			isa = XCConfigurationList;
			buildConfigurations = (
				37618A0B25F5203A00546C08 /* Debug */,
				37618A0C25F5203A00546C08 /* Release */,
			);
			defaultConfigurationIsVisible = 0;
			defaultConfigurationName = Release;
		};
		37618A0D25F5203A00546C08 /* Build configuration list for PBXNativeTarget "tvmaze" */ = {
			isa = XCConfigurationList;
			buildConfigurations = (
				37618A0E25F5203A00546C08 /* Debug */,
				37618A0F25F5203A00546C08 /* Release */,
			);
			defaultConfigurationIsVisible = 0;
			defaultConfigurationName = Release;
		};
		37618A1025F5203A00546C08 /* Build configuration list for PBXNativeTarget "tvmazeTests" */ = {
			isa = XCConfigurationList;
			buildConfigurations = (
				37618A1125F5203A00546C08 /* Debug */,
				37618A1225F5203A00546C08 /* Release */,
			);
			defaultConfigurationIsVisible = 0;
			defaultConfigurationName = Release;
		};
		37618A1325F5203A00546C08 /* Build configuration list for PBXNativeTarget "tvmazeUITests" */ = {
			isa = XCConfigurationList;
			buildConfigurations = (
				37618A1425F5203A00546C08 /* Debug */,
				37618A1525F5203A00546C08 /* Release */,
			);
			defaultConfigurationIsVisible = 0;
			defaultConfigurationName = Release;
		};
/* End XCConfigurationList section */

/* Begin XCVersionGroup section */
		376189EC25F5203800546C08 /* tvmaze.xcdatamodeld */ = {
			isa = XCVersionGroup;
			children = (
				376189ED25F5203800546C08 /* tvmaze.xcdatamodel */,
			);
			currentVersion = 376189ED25F5203800546C08 /* tvmaze.xcdatamodel */;
			path = tvmaze.xcdatamodeld;
			sourceTree = "<group>";
			versionGroupType = wrapper.xcdatamodel;
		};
/* End XCVersionGroup section */
	};
	rootObject = 376189D825F5203800546C08 /* Project object */;
}
